
Microsoft Visual Studio Solution File, Format Version 12.00
# Visual Studio Version 17
VisualStudioVersion = 17.11.35303.130
MinimumVisualStudioVersion = 10.0.40219.1
Project("{FAE04EC0-301F-11D3-BF4B-00C04F79EFBC}") = "NotesSampleApplication", "NotesSampleApplication\NotesSampleApplication.csproj", "{625BA28A-786A-46B9-A199-6BAFD8E2FFAB}"
EndProject
Global
	GlobalSection(SolutionConfigurationPlatforms) = preSolution
		Debug|Any CPU = Debug|Any CPU
		Release|Any CPU = Release|Any CPU
	EndGlobalSection
	GlobalSection(ProjectConfigurationPlatforms) = postSolution
		{625BA28A-786A-46B9-A199-6BAFD8E2FFAB}.Debug|Any CPU.ActiveCfg = Debug|Any CPU
		{625BA28A-786A-46B9-A199-6BAFD8E2FFAB}.Debug|Any CPU.Build.0 = Debug|Any CPU
		{625BA28A-786A-46B9-A199-6BAFD8E2FFAB}.Release|Any CPU.ActiveCfg = Release|Any CPU
		{625BA28A-786A-46B9-A199-6BAFD8E2FFAB}.Release|Any CPU.Build.0 = Release|Any CPU
	EndGlobalSection
	GlobalSection(SolutionProperties) = preSolution
		HideSolutionNode = FALSE
	EndGlobalSection
	GlobalSection(ExtensibilityGlobals) = postSolution
		SolutionGuid = {41F9D25A-4CF4-4CDD-BA28-783B554A8DF9}
	EndGlobalSection
EndGlobal
